
Microsoft Visual Studio Solution File, Format Version 12.00
# Visual Studio Version 16
VisualStudioVersion = 16.0.31829.152
MinimumVisualStudioVersion = 10.0.40219.1
Project("{8BC9CEB8-8B4A-11D0-8D11-00A0C91BC942}") = "加法运算符重载", "加法运算符重载\加法运算符重载.vcxproj", "{037AEABF-8C06-46B3-B831-B9D9878D6DC8}"
EndProject
Global
	GlobalSection(SolutionConfigurationPlatforms) = preSolution
		Debug|x64 = Debug|x64
		Debug|x86 = Debug|x86
		Release|x64 = Release|x64
		Release|x86 = Release|x86
	EndGlobalSection
	GlobalSection(ProjectConfigurationPlatforms) = postSolution
		{037AEABF-8C06-46B3-B831-B9D9878D6DC8}.Debug|x64.ActiveCfg = Debug|x64
		{037AEABF-8C06-46B3-B831-B9D9878D6DC8}.Debug|x64.Build.0 = Debug|x64
		{037AEABF-8C06-46B3-B831-B9D9878D6DC8}.Debug|x86.ActiveCfg = Debug|Win32
		{037AEABF-8C06-46B3-B831-B9D9878D6DC8}.Debug|x86.Build.0 = Debug|Win32
		{037AEABF-8C06-46B3-B831-B9D9878D6DC8}.Release|x64.ActiveCfg = Release|x64
		{037AEABF-8C06-46B3-B831-B9D9878D6DC8}.Release|x64.Build.0 = Release|x64
		{037AEABF-8C06-46B3-B831-B9D9878D6DC8}.Release|x86.ActiveCfg = Release|Win32
		{037AEABF-8C06-46B3-B831-B9D9878D6DC8}.Release|x86.Build.0 = Release|Win32
	EndGlobalSection
	GlobalSection(SolutionProperties) = preSolution
		HideSolutionNode = FALSE
	EndGlobalSection
	GlobalSection(ExtensibilityGlobals) = postSolution
		SolutionGuid = {7E442641-B46F-4C7D-91AE-816839AE3B0D}
	EndGlobalSection
EndGlobal
